
Microsoft Visual Studio Solution File, Format Version 12.00
# Visual Studio Version 16
VisualStudioVersion = 16.0.31321.278
MinimumVisualStudioVersion = 10.0.40219.1
Project("{9A19103F-16F7-4668-BE54-9A1E7A4F7556}") = "KafkaExample.Producer", "src\KafkaExample.Producer\KafkaExample.Producer.csproj", "{02BF6D40-6D32-47F8-8074-FF1768BFDFDA}"
EndProject
Project("{9A19103F-16F7-4668-BE54-9A1E7A4F7556}") = "KafkaExample.Consumer", "src\KafkaExample.Consumer\KafkaExample.Consumer.csproj", "{34E885CA-7007-4C85-AEE0-2C63534AF143}"
EndProject
Global
	GlobalSection(SolutionConfigurationPlatforms) = preSolution
		Debug|Any CPU = Debug|Any CPU
		Release|Any CPU = Release|Any CPU
	EndGlobalSection
	GlobalSection(ProjectConfigurationPlatforms) = postSolution
		{02BF6D40-6D32-47F8-8074-FF1768BFDFDA}.Debug|Any CPU.ActiveCfg = Debug|Any CPU
		{02BF6D40-6D32-47F8-8074-FF1768BFDFDA}.Debug|Any CPU.Build.0 = Debug|Any CPU
		{02BF6D40-6D32-47F8-8074-FF1768BFDFDA}.Release|Any CPU.ActiveCfg = Release|Any CPU
		{02BF6D40-6D32-47F8-8074-FF1768BFDFDA}.Release|Any CPU.Build.0 = Release|Any CPU
		{34E885CA-7007-4C85-AEE0-2C63534AF143}.Debug|Any CPU.ActiveCfg = Debug|Any CPU
		{34E885CA-7007-4C85-AEE0-2C63534AF143}.Debug|Any CPU.Build.0 = Debug|Any CPU
		{34E885CA-7007-4C85-AEE0-2C63534AF143}.Release|Any CPU.ActiveCfg = Release|Any CPU
		{34E885CA-7007-4C85-AEE0-2C63534AF143}.Release|Any CPU.Build.0 = Release|Any CPU
	EndGlobalSection
	GlobalSection(SolutionProperties) = preSolution
		HideSolutionNode = FALSE
	EndGlobalSection
	GlobalSection(ExtensibilityGlobals) = postSolution
		SolutionGuid = {12E0FE31-0642-4BB0-A6C3-AD7ED716D4C2}
	EndGlobalSection
EndGlobal
